{
  "name": "@susisu/js-parsing",
  "version": "0.0.0",
  "lockfileVersion": 1,
  "requires": true,
  "dependencies": {
    "char-info": {
      "version": "0.2.0",
      "resolved": "https://registry.npmjs.org/char-info/-/char-info-0.2.0.tgz",
      "integrity": "sha512-4UUyjNlO1d/PZGbgvmzE89pv7Xh83/ZRt729mtgWe6mEuUb25F9jQC+7oszH85W/Wai3E4PLFI5AaW6dNT1HrQ==",
      "requires": {
        "node-interval-tree": "^1.0.0"
      }
    },
    "lodash": {
      "version": "4.17.11",
      "resolved": "https://registry.npmjs.org/lodash/-/lodash-4.17.11.tgz",
      "integrity": "sha512-cQKh8igo5QUhZ7lg38DYWAxMvjSAKG0A8wGSVimP07SIUEK2UO+arSRKbRZWtelMtN5V0Hkwh5ryOto/SshYIg=="
    },
    "loquat": {
      "version": "2.0.0",
      "resolved": "https://registry.npmjs.org/loquat/-/loquat-2.0.0.tgz",
      "integrity": "sha1-Nl0ci5iurnkUVnX7TPeY66hjTcU=",
      "requires": {
        "loquat-char": "~2.0.0",
        "loquat-combinators": "~2.0.0",
        "loquat-core": "~2.0.0",
        "loquat-expr": "~2.0.0",
        "loquat-monad": "~2.0.0",
        "loquat-prim": "~2.0.0",
        "loquat-qo": "~2.0.0"
      }
    },
    "loquat-char": {
      "version": "2.0.1",
      "resolved": "https://registry.npmjs.org/loquat-char/-/loquat-char-2.0.1.tgz",
      "integrity": "sha1-9LsjoXphn2YAhZ9HcmsjI/XR9A0=",
      "requires": {
        "loquat-prim": "^2.0.0"
      }
    },
    "loquat-combinators": {
      "version": "2.0.0",
      "resolved": "https://registry.npmjs.org/loquat-combinators/-/loquat-combinators-2.0.0.tgz",
      "integrity": "sha1-9Wu4PrSWrtlxNhq4Bys2jTJb8nc=",
      "requires": {
        "loquat-prim": "^2.0.0"
      }
    },
    "loquat-core": {
      "version": "2.0.1",
      "resolved": "https://registry.npmjs.org/loquat-core/-/loquat-core-2.0.1.tgz",
      "integrity": "sha1-yZz7FQt0vUOips+e9l4xzY/XDGc="
    },
    "loquat-expr": {
      "version": "2.0.0",
      "resolved": "https://registry.npmjs.org/loquat-expr/-/loquat-expr-2.0.0.tgz",
      "integrity": "sha1-eWh0ULHnpf9KN9FlAgcBBl7BqLI=",
      "requires": {
        "loquat-combinators": "^2.0.0",
        "loquat-prim": "^2.0.0"
      }
    },
    "loquat-monad": {
      "version": "2.0.0",
      "resolved": "https://registry.npmjs.org/loquat-monad/-/loquat-monad-2.0.0.tgz",
      "integrity": "sha1-5Nl/Fl/d8enhwJU6iLXQpMidhNU=",
      "requires": {
        "loquat-prim": "^2.0.0"
      }
    },
    "loquat-prim": {
      "version": "2.0.1",
      "resolved": "https://registry.npmjs.org/loquat-prim/-/loquat-prim-2.0.1.tgz",
      "integrity": "sha1-s8Ah8av8mpqRhJhcvvPPDqGm5ng="
    },
    "loquat-qo": {
      "version": "2.0.0",
      "resolved": "https://registry.npmjs.org/loquat-qo/-/loquat-qo-2.0.0.tgz",
      "integrity": "sha1-Bkz4ahDhDjytcVFHiNbYR8zHxt0="
    },
    "node-interval-tree": {
      "version": "1.3.3",
      "resolved": "https://registry.npmjs.org/node-interval-tree/-/node-interval-tree-1.3.3.tgz",
      "integrity": "sha512-K9vk96HdTK5fEipJwxSvIIqwTqr4e3HRJeJrNxBSeVMNSC/JWARRaX7etOLOuTmrRMeOI/K5TCJu3aWIwZiNTw==",
      "requires": {
        "shallowequal": "^1.0.2"
      }
    },
    "parjs": {
      "version": "0.10.4",
      "resolved": "https://registry.npmjs.org/parjs/-/parjs-0.10.4.tgz",
      "integrity": "sha512-u2xdHR2SZJP3VvyAvCaG341FSQlaBrZtzjsNA9XSAk2nbRRHiRa5RmSmxkfKzjaGGTQfEPiwDkdR9pwl+86qjw==",
      "requires": {
        "char-info": "^0.2.0",
        "lodash": "^4.17.5"
      }
    },
    "parsimmon": {
      "version": "1.7.3",
      "resolved": "https://registry.npmjs.org/parsimmon/-/parsimmon-1.7.3.tgz",
      "integrity": "sha512-ZkEqdG3ygzGAa44cDEDAgQoslSSIOVuTw7k1Yct+2AX+3JkezNWBuzz2ON/j7RhxXptTQC7rwGxPg//rDFTvqQ=="
    },
    "pegjs": {
      "version": "0.10.0",
      "resolved": "https://registry.npmjs.org/pegjs/-/pegjs-0.10.0.tgz",
      "integrity": "sha1-z4uvrm7d/0tafvsYUmnqr0YQ3b0="
    },
    "shallowequal": {
      "version": "1.1.0",
      "resolved": "https://registry.npmjs.org/shallowequal/-/shallowequal-1.1.0.tgz",
      "integrity": "sha512-y0m1JoUZSlPAjXVtPPW70aZWfIL/dSP7AFkRnniLCrK/8MDKog3TySTBmckD+RObVxH0v4Tox67+F14PdED2oQ=="
    }
  }
}
