{
  "name": "@susisu/js-parsing",
  "version": "0.0.0",
  "lockfileVersion": 1,
  "requires": true,
  "dependencies": {
    "@loquat/char": {
      "version": "3.0.0-alpha.1",
      "resolved": "https://registry.npmjs.org/@loquat/char/-/char-3.0.0-alpha.1.tgz",
      "integrity": "sha512-FDKniAgnOIdA1bomR+xCzJRgQhmz8pV1UvOQRB2pMxsuFKddPsbR4ekWxa7hwmEgnQYXvwx4ZhRj6bmlN1DWcQ==",
      "requires": {
        "@loquat/prim": "^3.0.0-alpha.1"
      }
    },
    "@loquat/combinators": {
      "version": "3.0.0-alpha.1",
      "resolved": "https://registry.npmjs.org/@loquat/combinators/-/combinators-3.0.0-alpha.1.tgz",
      "integrity": "sha512-zpL0XMSMEWEvmNxxFoaW7bTlHdT3l0qxbt3b15qlWQ06Ho3rY1EDYr7qL1raeVX42kUjnsWrasZdXDuZJQ63tg==",
      "requires": {
        "@loquat/prim": "^3.0.0-alpha.1"
      }
    },
    "@loquat/core": {
      "version": "3.0.0-alpha.1",
      "resolved": "https://registry.npmjs.org/@loquat/core/-/core-3.0.0-alpha.1.tgz",
      "integrity": "sha512-rQWV58V/1ginf6w/PjD5OJ7XC70ZFjIz63YVzpLRkPvF76uDSkQh1v25XsBmo66d/1MPe/jvdvtkUqppPdMmKw=="
    },
    "@loquat/expr": {
      "version": "3.0.0-alpha.1",
      "resolved": "https://registry.npmjs.org/@loquat/expr/-/expr-3.0.0-alpha.1.tgz",
      "integrity": "sha512-sR0m6KHohntObBTrO02hxnTFkb+d8lIGRQCHEr0Aj54iuANdOMi4eHVEHn9oEx/T76HfwHIb0mHZuvG+Ayi2RQ==",
      "requires": {
        "@loquat/combinators": "^3.0.0-alpha.1",
        "@loquat/prim": "^3.0.0-alpha.1"
      }
    },
    "@loquat/monad": {
      "version": "3.0.0-alpha.1",
      "resolved": "https://registry.npmjs.org/@loquat/monad/-/monad-3.0.0-alpha.1.tgz",
      "integrity": "sha512-DZqcuekMEVd/HE0IJo55dJRLjUMDfdHtIoPGskWI69kQ4Frnsg8J8iz8MZSnltrrp/Yo51IUSuxL8M8sfmZkng==",
      "requires": {
        "@loquat/prim": "^3.0.0-alpha.1"
      }
    },
    "@loquat/prim": {
      "version": "3.0.0-alpha.1",
      "resolved": "https://registry.npmjs.org/@loquat/prim/-/prim-3.0.0-alpha.1.tgz",
      "integrity": "sha512-74ppWBrgWUMhVh0aHkETTcKcbcBrWFnUy+lGX8kxzPdgKKpHWK3LEuQMOCQgno6nSehulpgKnVu2rklgRS76qw=="
    },
    "@loquat/qo": {
      "version": "3.0.0-alpha.1",
      "resolved": "https://registry.npmjs.org/@loquat/qo/-/qo-3.0.0-alpha.1.tgz",
      "integrity": "sha512-80vRSZENHRU2BBsZwewDuY9a9LsYOVpEnSmX5TkXWvFlua1K2ri6tNzmp3+YNZTuOozNT6GqTfufPFSfifEVgw=="
    },
    "@loquat/simple": {
      "version": "3.0.0-alpha.1",
      "resolved": "https://registry.npmjs.org/@loquat/simple/-/simple-3.0.0-alpha.1.tgz",
      "integrity": "sha512-188HtYJloHPN6HqkoWyYqhp1rNSk2qnqnvY2ivaWM+NwTDaxxkPUFAzwkVT/owr7gq9h9om5MwgznAEM5/nk/w==",
      "requires": {
        "@loquat/char": "^3.0.0-alpha.1",
        "@loquat/combinators": "^3.0.0-alpha.1",
        "@loquat/core": "^3.0.0-alpha.1",
        "@loquat/expr": "^3.0.0-alpha.1",
        "@loquat/monad": "^3.0.0-alpha.1",
        "@loquat/prim": "^3.0.0-alpha.1",
        "@loquat/qo": "^3.0.0-alpha.1",
        "@loquat/token": "^3.0.0-alpha.1"
      }
    },
    "@loquat/token": {
      "version": "3.0.0-alpha.1",
      "resolved": "https://registry.npmjs.org/@loquat/token/-/token-3.0.0-alpha.1.tgz",
      "integrity": "sha512-OsfRdT1+Ssi49z4SqILIYLcC+7lGv+xDlDcYqW9+z8tFv7wpkOSYExHVi2XVVc8yJhDaY9B9hVOUbssuy5pA4A==",
      "requires": {
        "@loquat/char": "^3.0.0-alpha.1",
        "@loquat/combinators": "^3.0.0-alpha.1",
        "@loquat/prim": "^3.0.0-alpha.1"
      }
    },
    "char-info": {
      "version": "0.2.0",
      "resolved": "https://registry.npmjs.org/char-info/-/char-info-0.2.0.tgz",
      "integrity": "sha512-4UUyjNlO1d/PZGbgvmzE89pv7Xh83/ZRt729mtgWe6mEuUb25F9jQC+7oszH85W/Wai3E4PLFI5AaW6dNT1HrQ==",
      "requires": {
        "node-interval-tree": "^1.0.0"
      }
    },
    "lodash": {
      "version": "4.17.11",
      "resolved": "https://registry.npmjs.org/lodash/-/lodash-4.17.11.tgz",
      "integrity": "sha512-cQKh8igo5QUhZ7lg38DYWAxMvjSAKG0A8wGSVimP07SIUEK2UO+arSRKbRZWtelMtN5V0Hkwh5ryOto/SshYIg=="
    },
    "loquat": {
      "version": "2.0.0",
      "resolved": "https://registry.npmjs.org/loquat/-/loquat-2.0.0.tgz",
      "integrity": "sha1-Nl0ci5iurnkUVnX7TPeY66hjTcU=",
      "requires": {
        "loquat-char": "~2.0.0",
        "loquat-combinators": "~2.0.0",
        "loquat-core": "~2.0.0",
        "loquat-expr": "~2.0.0",
        "loquat-monad": "~2.0.0",
        "loquat-prim": "~2.0.0",
        "loquat-qo": "~2.0.0"
      }
    },
    "loquat-char": {
      "version": "2.0.1",
      "resolved": "https://registry.npmjs.org/loquat-char/-/loquat-char-2.0.1.tgz",
      "integrity": "sha1-9LsjoXphn2YAhZ9HcmsjI/XR9A0=",
      "requires": {
        "loquat-prim": "^2.0.0"
      }
    },
    "loquat-combinators": {
      "version": "2.0.0",
      "resolved": "https://registry.npmjs.org/loquat-combinators/-/loquat-combinators-2.0.0.tgz",
      "integrity": "sha1-9Wu4PrSWrtlxNhq4Bys2jTJb8nc=",
      "requires": {
        "loquat-prim": "^2.0.0"
      }
    },
    "loquat-core": {
      "version": "2.0.1",
      "resolved": "https://registry.npmjs.org/loquat-core/-/loquat-core-2.0.1.tgz",
      "integrity": "sha1-yZz7FQt0vUOips+e9l4xzY/XDGc="
    },
    "loquat-expr": {
      "version": "2.0.0",
      "resolved": "https://registry.npmjs.org/loquat-expr/-/loquat-expr-2.0.0.tgz",
      "integrity": "sha1-eWh0ULHnpf9KN9FlAgcBBl7BqLI=",
      "requires": {
        "loquat-combinators": "^2.0.0",
        "loquat-prim": "^2.0.0"
      }
    },
    "loquat-monad": {
      "version": "2.0.0",
      "resolved": "https://registry.npmjs.org/loquat-monad/-/loquat-monad-2.0.0.tgz",
      "integrity": "sha1-5Nl/Fl/d8enhwJU6iLXQpMidhNU=",
      "requires": {
        "loquat-prim": "^2.0.0"
      }
    },
    "loquat-prim": {
      "version": "2.0.1",
      "resolved": "https://registry.npmjs.org/loquat-prim/-/loquat-prim-2.0.1.tgz",
      "integrity": "sha1-s8Ah8av8mpqRhJhcvvPPDqGm5ng="
    },
    "loquat-qo": {
      "version": "2.0.0",
      "resolved": "https://registry.npmjs.org/loquat-qo/-/loquat-qo-2.0.0.tgz",
      "integrity": "sha1-Bkz4ahDhDjytcVFHiNbYR8zHxt0="
    },
    "node-interval-tree": {
      "version": "1.3.3",
      "resolved": "https://registry.npmjs.org/node-interval-tree/-/node-interval-tree-1.3.3.tgz",
      "integrity": "sha512-K9vk96HdTK5fEipJwxSvIIqwTqr4e3HRJeJrNxBSeVMNSC/JWARRaX7etOLOuTmrRMeOI/K5TCJu3aWIwZiNTw==",
      "requires": {
        "shallowequal": "^1.0.2"
      }
    },
    "parjs": {
      "version": "0.10.4",
      "resolved": "https://registry.npmjs.org/parjs/-/parjs-0.10.4.tgz",
      "integrity": "sha512-u2xdHR2SZJP3VvyAvCaG341FSQlaBrZtzjsNA9XSAk2nbRRHiRa5RmSmxkfKzjaGGTQfEPiwDkdR9pwl+86qjw==",
      "requires": {
        "char-info": "^0.2.0",
        "lodash": "^4.17.5"
      }
    },
    "parsimmon": {
      "version": "1.7.3",
      "resolved": "https://registry.npmjs.org/parsimmon/-/parsimmon-1.7.3.tgz",
      "integrity": "sha512-ZkEqdG3ygzGAa44cDEDAgQoslSSIOVuTw7k1Yct+2AX+3JkezNWBuzz2ON/j7RhxXptTQC7rwGxPg//rDFTvqQ=="
    },
    "pegjs": {
      "version": "0.10.0",
      "resolved": "https://registry.npmjs.org/pegjs/-/pegjs-0.10.0.tgz",
      "integrity": "sha1-z4uvrm7d/0tafvsYUmnqr0YQ3b0="
    },
    "shallowequal": {
      "version": "1.1.0",
      "resolved": "https://registry.npmjs.org/shallowequal/-/shallowequal-1.1.0.tgz",
      "integrity": "sha512-y0m1JoUZSlPAjXVtPPW70aZWfIL/dSP7AFkRnniLCrK/8MDKog3TySTBmckD+RObVxH0v4Tox67+F14PdED2oQ=="
    }
  }
}
