{
  "name": "@susisu/js-parsing",
  "version": "0.0.0",
  "lockfileVersion": 1,
  "requires": true,
  "dependencies": {
    "loquat": {
      "version": "2.0.0",
      "resolved": "https://registry.npmjs.org/loquat/-/loquat-2.0.0.tgz",
      "integrity": "sha1-Nl0ci5iurnkUVnX7TPeY66hjTcU=",
      "requires": {
        "loquat-char": "~2.0.0",
        "loquat-combinators": "~2.0.0",
        "loquat-core": "~2.0.0",
        "loquat-expr": "~2.0.0",
        "loquat-monad": "~2.0.0",
        "loquat-prim": "~2.0.0",
        "loquat-qo": "~2.0.0"
      }
    },
    "loquat-char": {
      "version": "2.0.1",
      "resolved": "https://registry.npmjs.org/loquat-char/-/loquat-char-2.0.1.tgz",
      "integrity": "sha1-9LsjoXphn2YAhZ9HcmsjI/XR9A0=",
      "requires": {
        "loquat-prim": "^2.0.0"
      }
    },
    "loquat-combinators": {
      "version": "2.0.0",
      "resolved": "https://registry.npmjs.org/loquat-combinators/-/loquat-combinators-2.0.0.tgz",
      "integrity": "sha1-9Wu4PrSWrtlxNhq4Bys2jTJb8nc=",
      "requires": {
        "loquat-prim": "^2.0.0"
      }
    },
    "loquat-core": {
      "version": "2.0.1",
      "resolved": "https://registry.npmjs.org/loquat-core/-/loquat-core-2.0.1.tgz",
      "integrity": "sha1-yZz7FQt0vUOips+e9l4xzY/XDGc="
    },
    "loquat-expr": {
      "version": "2.0.0",
      "resolved": "https://registry.npmjs.org/loquat-expr/-/loquat-expr-2.0.0.tgz",
      "integrity": "sha1-eWh0ULHnpf9KN9FlAgcBBl7BqLI=",
      "requires": {
        "loquat-combinators": "^2.0.0",
        "loquat-prim": "^2.0.0"
      }
    },
    "loquat-monad": {
      "version": "2.0.0",
      "resolved": "https://registry.npmjs.org/loquat-monad/-/loquat-monad-2.0.0.tgz",
      "integrity": "sha1-5Nl/Fl/d8enhwJU6iLXQpMidhNU=",
      "requires": {
        "loquat-prim": "^2.0.0"
      }
    },
    "loquat-prim": {
      "version": "2.0.1",
      "resolved": "https://registry.npmjs.org/loquat-prim/-/loquat-prim-2.0.1.tgz",
      "integrity": "sha1-s8Ah8av8mpqRhJhcvvPPDqGm5ng="
    },
    "loquat-qo": {
      "version": "2.0.0",
      "resolved": "https://registry.npmjs.org/loquat-qo/-/loquat-qo-2.0.0.tgz",
      "integrity": "sha1-Bkz4ahDhDjytcVFHiNbYR8zHxt0="
    },
    "parsimmon": {
      "version": "1.7.3",
      "resolved": "https://registry.npmjs.org/parsimmon/-/parsimmon-1.7.3.tgz",
      "integrity": "sha512-ZkEqdG3ygzGAa44cDEDAgQoslSSIOVuTw7k1Yct+2AX+3JkezNWBuzz2ON/j7RhxXptTQC7rwGxPg//rDFTvqQ=="
    },
    "pegjs": {
      "version": "0.10.0",
      "resolved": "https://registry.npmjs.org/pegjs/-/pegjs-0.10.0.tgz",
      "integrity": "sha1-z4uvrm7d/0tafvsYUmnqr0YQ3b0="
    }
  }
}
