# THIS IS AN AUTOGENERATED FILE. DO NOT EDIT THIS FILE DIRECTLY.
# yarn lockfile v1


"@loquat/char@^3.1.0":
  version "3.1.0"
  resolved "https://registry.yarnpkg.com/@loquat/char/-/char-3.1.0.tgz#e2bfb9470d2f2f6033abc1042409f3f4596d4582"
  integrity sha512-0nJMUZH2X3CI15Y1Weay12BZyf3AwCCG2UIIBoGIJTETkIBxavAfqDk535rXd51mbRk/8U25CRXCwNRgoNDklw==
  dependencies:
    "@loquat/prim" "^3.1.0"

"@loquat/combinators@^3.1.0":
  version "3.1.0"
  resolved "https://registry.yarnpkg.com/@loquat/combinators/-/combinators-3.1.0.tgz#0d55e7efdbf9ea1395fa7a67fe6117d68dfffa2f"
  integrity sha512-DEYWbAhWcWSiseBmwpm8bV4J2jP4Ba+uXIfj6qszwftihtHZpDBiJX0r+CCwKsUfM0Q9UIPdI662xLq3uIJisg==
  dependencies:
    "@loquat/prim" "^3.1.0"

"@loquat/core@^3.1.0":
  version "3.1.0"
  resolved "https://registry.yarnpkg.com/@loquat/core/-/core-3.1.0.tgz#4e2a60f807550dc0a44feb9ecdf6f944cdfef5e1"
  integrity sha512-hVMcte0sb3QLOkJblKthqUSx2DDoFUM/lD9IQEf4LYK4c7VxEEdzfFBVeEchA2Ht3T5giJPHBB5nVE5lpw3ftg==

"@loquat/expr@^3.1.0":
  version "3.1.0"
  resolved "https://registry.yarnpkg.com/@loquat/expr/-/expr-3.1.0.tgz#9723a4aa4e70fe0d23dc02559ce19c1d3b031b46"
  integrity sha512-N7jb1mSleH8qzSXjO3C4WL/sAL1f4IcwWC1iLyLSJBRuklznIYEBCP63ZO1Zjpd5EsD1BTpzUDeVzJ1uRVDG8A==
  dependencies:
    "@loquat/combinators" "^3.1.0"
    "@loquat/prim" "^3.1.0"

"@loquat/monad@^3.1.0":
  version "3.1.0"
  resolved "https://registry.yarnpkg.com/@loquat/monad/-/monad-3.1.0.tgz#620dacb46e86add0e8bff17efc385d34fecdc87a"
  integrity sha512-DRy+NVp7R2v/GhZang0OncQ+TnAoe9IDFxywcNKYg5Axa/t2nh1uaRibw/N8k4+HKP23SQu/KnpPevGMyyCnLw==
  dependencies:
    "@loquat/prim" "^3.1.0"

"@loquat/prim@^3.1.0":
  version "3.1.0"
  resolved "https://registry.yarnpkg.com/@loquat/prim/-/prim-3.1.0.tgz#3c1f8d54e8dbe2f8c5fdbd9a9a77eac3cb1a7817"
  integrity sha512-SsR8PFDSKoO86WLLsNDhAwRYRJIFAkge0CxyXdXOA1+JWjqQZPt3IUbIFqFJvXTapTOFQPGXBSCxHUENsJOJDw==

"@loquat/qo@^3.1.0":
  version "3.1.0"
  resolved "https://registry.yarnpkg.com/@loquat/qo/-/qo-3.1.0.tgz#c4c422ae8701c8ed72ba3997062917c0ef9ed805"
  integrity sha512-rh585/0jCvT9CL2TzdIBHH62NW9vuQm/uwsDzlWd/3QODcYL3DcylwC9yAGdq3k5LsuntlP+gtyRoRPy3+UXHA==

"@loquat/simple@^3.1.0":
  version "3.1.0"
  resolved "https://registry.yarnpkg.com/@loquat/simple/-/simple-3.1.0.tgz#0afa49f945d98f62f8bf16cce344af9366d32612"
  integrity sha512-UAx2hfPlKOXPQCE7s6Quwc0jjNFSTlcmwH4n3xlcszaWgPNFVQGX563Kn3IpRsTAgAAj9yr18W7i5OzwCVuKTA==
  dependencies:
    "@loquat/char" "^3.1.0"
    "@loquat/combinators" "^3.1.0"
    "@loquat/core" "^3.1.0"
    "@loquat/expr" "^3.1.0"
    "@loquat/monad" "^3.1.0"
    "@loquat/prim" "^3.1.0"
    "@loquat/qo" "^3.1.0"
    "@loquat/token" "^3.1.0"

"@loquat/token@^3.1.0":
  version "3.1.0"
  resolved "https://registry.yarnpkg.com/@loquat/token/-/token-3.1.0.tgz#3fa799f2db9c2d9ed85b3406a4841350900b165e"
  integrity sha512-ii5m8ce4ZDK8ZhNZ6A7psGlH+TSm/40jZnL/cpDUv6b2h0HR7C+3IZOjwx/rWw20JbbIdJ5qYl3lgPPDXSaAnQ==
  dependencies:
    "@loquat/char" "^3.1.0"
    "@loquat/combinators" "^3.1.0"
    "@loquat/prim" "^3.1.0"

char-info@^0.2.0:
  version "0.2.0"
  resolved "https://registry.yarnpkg.com/char-info/-/char-info-0.2.0.tgz#1fc1ac21fbc6704494dc586c9db56be1ed4b6bf1"
  integrity sha512-4UUyjNlO1d/PZGbgvmzE89pv7Xh83/ZRt729mtgWe6mEuUb25F9jQC+7oszH85W/Wai3E4PLFI5AaW6dNT1HrQ==
  dependencies:
    node-interval-tree "^1.0.0"

chevrotain@^4.3.3:
  version "4.3.3"
  resolved "https://registry.yarnpkg.com/chevrotain/-/chevrotain-4.3.3.tgz#4b02541d9c414ecd0490db48664be7304d798b80"
  integrity sha512-DsmAmF5urXboHHXqEr26Ot//S+l3yrOr7UwwgWQ+aNNlYpmnYK1flxplwJ5cIUgP9toKFsJ0VeLT1sq350A9Hg==
  dependencies:
    regexp-to-ast "0.4.0"

lodash@^4.17.5:
  version "4.17.21"
  resolved "https://registry.yarnpkg.com/lodash/-/lodash-4.17.21.tgz#679591c564c3bffaae8454cf0b3df370c3d6911c"
  integrity sha512-v2kDEe57lecTulaDIuNTPy3Ry4gLGJ6Z1O3vE1krgXZNrsQ+LFTGHVxVjcXPs17LhbZVGedAJv8XZ1tvj5FvSg==

loquat-char@~2.0.0:
  version "2.0.1"
  resolved "https://registry.yarnpkg.com/loquat-char/-/loquat-char-2.0.1.tgz#f4bb23a17a619f6600859f47726b2323f5d1f40d"
  integrity sha1-9LsjoXphn2YAhZ9HcmsjI/XR9A0=
  dependencies:
    loquat-prim "^2.0.0"

loquat-combinators@^2.0.0, loquat-combinators@~2.0.0:
  version "2.0.0"
  resolved "https://registry.yarnpkg.com/loquat-combinators/-/loquat-combinators-2.0.0.tgz#f56bb83eb496aed971361ab8072b368d325bf277"
  integrity sha1-9Wu4PrSWrtlxNhq4Bys2jTJb8nc=
  dependencies:
    loquat-prim "^2.0.0"

loquat-core@~2.0.0:
  version "2.0.2"
  resolved "https://registry.yarnpkg.com/loquat-core/-/loquat-core-2.0.2.tgz#e6d71d25ab4ba60f2b468b2055d9cced9eed230c"
  integrity sha512-Qiq1gdqmL0H14BkjgGX1hc9i9Hkksvp+Yhc57ZvddL2iT2n9ijFYvbdyTBwwUrH96i81wvtKPP/fxcwLgGaZuw==

loquat-expr@~2.0.0:
  version "2.0.0"
  resolved "https://registry.yarnpkg.com/loquat-expr/-/loquat-expr-2.0.0.tgz#79687450b1e7a5ff4a37d165020701065ec1a8b2"
  integrity sha1-eWh0ULHnpf9KN9FlAgcBBl7BqLI=
  dependencies:
    loquat-combinators "^2.0.0"
    loquat-prim "^2.0.0"

loquat-monad@~2.0.0:
  version "2.0.0"
  resolved "https://registry.yarnpkg.com/loquat-monad/-/loquat-monad-2.0.0.tgz#e4d97f165fddf1e9e1c0953a88b5d0a4c89d84d5"
  integrity sha1-5Nl/Fl/d8enhwJU6iLXQpMidhNU=
  dependencies:
    loquat-prim "^2.0.0"

loquat-prim@^2.0.0, loquat-prim@~2.0.0:
  version "2.0.1"
  resolved "https://registry.yarnpkg.com/loquat-prim/-/loquat-prim-2.0.1.tgz#b3c021f1abfc9a9a9184985cbef3cf0ea1a6e678"
  integrity sha1-s8Ah8av8mpqRhJhcvvPPDqGm5ng=

loquat-qo@~2.0.0:
  version "2.0.0"
  resolved "https://registry.yarnpkg.com/loquat-qo/-/loquat-qo-2.0.0.tgz#064cf86a10e10e3cad71514788d6d847ccc7c6dd"
  integrity sha1-Bkz4ahDhDjytcVFHiNbYR8zHxt0=

loquat@^2.0.0:
  version "2.0.0"
  resolved "https://registry.yarnpkg.com/loquat/-/loquat-2.0.0.tgz#365d1c8b98aeae79145675fb4cf798eba8634dc5"
  integrity sha1-Nl0ci5iurnkUVnX7TPeY66hjTcU=
  dependencies:
    loquat-char "~2.0.0"
    loquat-combinators "~2.0.0"
    loquat-core "~2.0.0"
    loquat-expr "~2.0.0"
    loquat-monad "~2.0.0"
    loquat-prim "~2.0.0"
    loquat-qo "~2.0.0"

node-interval-tree@^1.0.0:
  version "1.3.3"
  resolved "https://registry.yarnpkg.com/node-interval-tree/-/node-interval-tree-1.3.3.tgz#15ffb904cde08270214acace8dc7653e89ae32b7"
  integrity sha512-K9vk96HdTK5fEipJwxSvIIqwTqr4e3HRJeJrNxBSeVMNSC/JWARRaX7etOLOuTmrRMeOI/K5TCJu3aWIwZiNTw==
  dependencies:
    shallowequal "^1.0.2"

parjs@^0.10.4:
  version "0.10.4"
  resolved "https://registry.yarnpkg.com/parjs/-/parjs-0.10.4.tgz#9e9b20567220b2c2a909ec33842586ea4351c04f"
  integrity sha512-u2xdHR2SZJP3VvyAvCaG341FSQlaBrZtzjsNA9XSAk2nbRRHiRa5RmSmxkfKzjaGGTQfEPiwDkdR9pwl+86qjw==
  dependencies:
    char-info "^0.2.0"
    lodash "^4.17.5"

parsimmon@^1.12.0:
  version "1.12.0"
  resolved "https://registry.yarnpkg.com/parsimmon/-/parsimmon-1.12.0.tgz#886a442fb30b5fc3c8e7c4994050f5cdcfe0ea90"
  integrity sha512-uC/BjuSfb4jfaWajKCp1mVncXXq+V1twbcYChbTxN3GM7fn+8XoHwUdvUz+PTaFtDSCRQxU8+Rnh+iMhAkVwdw==

pegjs@^0.10.0:
  version "0.10.0"
  resolved "https://registry.yarnpkg.com/pegjs/-/pegjs-0.10.0.tgz#cf8bafae6eddff4b5a7efb185269eaaf4610ddbd"
  integrity sha1-z4uvrm7d/0tafvsYUmnqr0YQ3b0=

regexp-to-ast@0.4.0:
  version "0.4.0"
  resolved "https://registry.yarnpkg.com/regexp-to-ast/-/regexp-to-ast-0.4.0.tgz#f3dbcb42726cd71902ba50193f63eab5325cd7cb"
  integrity sha512-4qf/7IsIKfSNHQXSwial1IFmfM1Cc/whNBQqRwe0V2stPe7KmN1U0tWQiIx6JiirgSrisjE0eECdNf7Tav1Ntw==

shallowequal@^1.0.2:
  version "1.1.0"
  resolved "https://registry.yarnpkg.com/shallowequal/-/shallowequal-1.1.0.tgz#188d521de95b9087404fd4dcb68b13df0ae4e7f8"
  integrity sha512-y0m1JoUZSlPAjXVtPPW70aZWfIL/dSP7AFkRnniLCrK/8MDKog3TySTBmckD+RObVxH0v4Tox67+F14PdED2oQ==
