# THIS IS AN AUTOGENERATED FILE. DO NOT EDIT THIS FILE DIRECTLY.
# yarn lockfile v1


"@loquat/char@^3.0.0":
  version "3.0.0"
  resolved "https://registry.yarnpkg.com/@loquat/char/-/char-3.0.0.tgz#23c6376e09c9fbe64d566bf9d98e5ee23bb61bfd"
  integrity sha512-Kv1p8Ueub1j9UhvJg+A0AjQVgY1Moo1/0WMZ9n6JHoTUpAdv45y+sG/r75R9dVVYqNlUz8rs4nnGRcH1355CsA==
  dependencies:
    "@loquat/prim" "^3.0.0"

"@loquat/combinators@^3.0.0":
  version "3.0.0"
  resolved "https://registry.yarnpkg.com/@loquat/combinators/-/combinators-3.0.0.tgz#8e4ead771057a42f539b6f4b939d0649c180db24"
  integrity sha512-5PqVh5pB507J+3EZTW6/fG7WNuSAxynE5N8Zim6EsmPJFdu5C4DIdxbEh6uNLOJm6a1h/ZgbpuwzUcQ7jmYSag==
  dependencies:
    "@loquat/prim" "^3.0.0"

"@loquat/core@^3.0.0":
  version "3.0.0"
  resolved "https://registry.yarnpkg.com/@loquat/core/-/core-3.0.0.tgz#b24bf436653d8fec9064db951d01a4753069a0e2"
  integrity sha512-XUN3e/RPraq/vTTZNaqH8QfZ/qT7XegeatuZBr9GUBTsZeNdgoSkVaAf5PFvu/ZC+HelVJpQ91oFEYpt6C86eQ==

"@loquat/expr@^3.0.0":
  version "3.0.0"
  resolved "https://registry.yarnpkg.com/@loquat/expr/-/expr-3.0.0.tgz#e581fdc38343920a0cba1712d6f9f789773654f2"
  integrity sha512-qo9AYZxPJRtyt0KCTdabjr2k4bZyxYp7pg9kMv8sAbH27dGIKBYIy5TDIs2VBCm6hfMICrcbTIzxhA8ICrgN1g==
  dependencies:
    "@loquat/combinators" "^3.0.0"
    "@loquat/prim" "^3.0.0"

"@loquat/monad@^3.0.0":
  version "3.0.0"
  resolved "https://registry.yarnpkg.com/@loquat/monad/-/monad-3.0.0.tgz#17e5ec718b32184cf955d87cf64c9a6f8af47dbd"
  integrity sha512-Yxzc2FD4NJWA7idG54O0timnUYV8TPWfGgF1YaggHSMVg/8imxphUhZXcKiaTPD7Srk677GhwJZpNvExtoyQdQ==
  dependencies:
    "@loquat/prim" "^3.0.0"

"@loquat/prim@^3.0.0":
  version "3.0.0"
  resolved "https://registry.yarnpkg.com/@loquat/prim/-/prim-3.0.0.tgz#3491bdedd2e1858af99b4087bd8ccde5971fb258"
  integrity sha512-UhfrjaC80cnp98ZfldYHp8sljca82sGQx9ndro0uotpNGrlpT0F0tXWBy0sSF+MpVu10xykVL535HGiiCj2KkQ==

"@loquat/qo@^3.0.0":
  version "3.0.0"
  resolved "https://registry.yarnpkg.com/@loquat/qo/-/qo-3.0.0.tgz#799b504ff42d8809009c188009040ddd302da913"
  integrity sha512-AloDAJWGqi85Wg17Vq3lE9RXpm+cOT8Be62bsIjGc3ZdJlOSMv0HU4M8DPlkozCkMHNQNCgkAP0PRT0FzRverg==

"@loquat/simple@^3.0.0":
  version "3.0.0"
  resolved "https://registry.yarnpkg.com/@loquat/simple/-/simple-3.0.0.tgz#e3b569fe69e851e3e09a7d37ed7dd3622c27d956"
  integrity sha512-3Rd/vIwzHpc2tFoOcMfZal916vZNssdXIPwDdGqs11/ZDQ+09rRjdvRpC11HkGnrBhjRbzvcFAUppUd7Xqoeeg==
  dependencies:
    "@loquat/char" "^3.0.0"
    "@loquat/combinators" "^3.0.0"
    "@loquat/core" "^3.0.0"
    "@loquat/expr" "^3.0.0"
    "@loquat/monad" "^3.0.0"
    "@loquat/prim" "^3.0.0"
    "@loquat/qo" "^3.0.0"
    "@loquat/token" "^3.0.0"

"@loquat/token@^3.0.0":
  version "3.0.0"
  resolved "https://registry.yarnpkg.com/@loquat/token/-/token-3.0.0.tgz#f13b1ae4e7d6c1684eb346e338704401c27de647"
  integrity sha512-2ROrUMiEmBxbmslwVUQ8+6PFgWlv+qny6UXuU9r5sZ0ID+6s1y2R4ncB4RJj9jlPhzPh+VHDHP30HKKF4uPTzw==
  dependencies:
    "@loquat/char" "^3.0.0"
    "@loquat/combinators" "^3.0.0"
    "@loquat/prim" "^3.0.0"

char-info@^0.2.0:
  version "0.2.0"
  resolved "https://registry.yarnpkg.com/char-info/-/char-info-0.2.0.tgz#1fc1ac21fbc6704494dc586c9db56be1ed4b6bf1"
  integrity sha512-4UUyjNlO1d/PZGbgvmzE89pv7Xh83/ZRt729mtgWe6mEuUb25F9jQC+7oszH85W/Wai3E4PLFI5AaW6dNT1HrQ==
  dependencies:
    node-interval-tree "^1.0.0"

lodash@^4.17.5:
  version "4.17.11"
  resolved "https://registry.yarnpkg.com/lodash/-/lodash-4.17.11.tgz#b39ea6229ef607ecd89e2c8df12536891cac9b8d"
  integrity sha512-cQKh8igo5QUhZ7lg38DYWAxMvjSAKG0A8wGSVimP07SIUEK2UO+arSRKbRZWtelMtN5V0Hkwh5ryOto/SshYIg==

loquat-char@~2.0.0:
  version "2.0.1"
  resolved "https://registry.yarnpkg.com/loquat-char/-/loquat-char-2.0.1.tgz#f4bb23a17a619f6600859f47726b2323f5d1f40d"
  integrity sha1-9LsjoXphn2YAhZ9HcmsjI/XR9A0=
  dependencies:
    loquat-prim "^2.0.0"

loquat-combinators@^2.0.0, loquat-combinators@~2.0.0:
  version "2.0.0"
  resolved "https://registry.yarnpkg.com/loquat-combinators/-/loquat-combinators-2.0.0.tgz#f56bb83eb496aed971361ab8072b368d325bf277"
  integrity sha1-9Wu4PrSWrtlxNhq4Bys2jTJb8nc=
  dependencies:
    loquat-prim "^2.0.0"

loquat-core@~2.0.0:
  version "2.0.2"
  resolved "https://registry.yarnpkg.com/loquat-core/-/loquat-core-2.0.2.tgz#e6d71d25ab4ba60f2b468b2055d9cced9eed230c"
  integrity sha512-Qiq1gdqmL0H14BkjgGX1hc9i9Hkksvp+Yhc57ZvddL2iT2n9ijFYvbdyTBwwUrH96i81wvtKPP/fxcwLgGaZuw==

loquat-expr@~2.0.0:
  version "2.0.0"
  resolved "https://registry.yarnpkg.com/loquat-expr/-/loquat-expr-2.0.0.tgz#79687450b1e7a5ff4a37d165020701065ec1a8b2"
  integrity sha1-eWh0ULHnpf9KN9FlAgcBBl7BqLI=
  dependencies:
    loquat-combinators "^2.0.0"
    loquat-prim "^2.0.0"

loquat-monad@~2.0.0:
  version "2.0.0"
  resolved "https://registry.yarnpkg.com/loquat-monad/-/loquat-monad-2.0.0.tgz#e4d97f165fddf1e9e1c0953a88b5d0a4c89d84d5"
  integrity sha1-5Nl/Fl/d8enhwJU6iLXQpMidhNU=
  dependencies:
    loquat-prim "^2.0.0"

loquat-prim@^2.0.0, loquat-prim@~2.0.0:
  version "2.0.1"
  resolved "https://registry.yarnpkg.com/loquat-prim/-/loquat-prim-2.0.1.tgz#b3c021f1abfc9a9a9184985cbef3cf0ea1a6e678"
  integrity sha1-s8Ah8av8mpqRhJhcvvPPDqGm5ng=

loquat-qo@~2.0.0:
  version "2.0.0"
  resolved "https://registry.yarnpkg.com/loquat-qo/-/loquat-qo-2.0.0.tgz#064cf86a10e10e3cad71514788d6d847ccc7c6dd"
  integrity sha1-Bkz4ahDhDjytcVFHiNbYR8zHxt0=

loquat@^2.0.0:
  version "2.0.0"
  resolved "https://registry.yarnpkg.com/loquat/-/loquat-2.0.0.tgz#365d1c8b98aeae79145675fb4cf798eba8634dc5"
  integrity sha1-Nl0ci5iurnkUVnX7TPeY66hjTcU=
  dependencies:
    loquat-char "~2.0.0"
    loquat-combinators "~2.0.0"
    loquat-core "~2.0.0"
    loquat-expr "~2.0.0"
    loquat-monad "~2.0.0"
    loquat-prim "~2.0.0"
    loquat-qo "~2.0.0"

node-interval-tree@^1.0.0:
  version "1.3.3"
  resolved "https://registry.yarnpkg.com/node-interval-tree/-/node-interval-tree-1.3.3.tgz#15ffb904cde08270214acace8dc7653e89ae32b7"
  integrity sha512-K9vk96HdTK5fEipJwxSvIIqwTqr4e3HRJeJrNxBSeVMNSC/JWARRaX7etOLOuTmrRMeOI/K5TCJu3aWIwZiNTw==
  dependencies:
    shallowequal "^1.0.2"

parjs@^0.10.4:
  version "0.10.4"
  resolved "https://registry.yarnpkg.com/parjs/-/parjs-0.10.4.tgz#9e9b20567220b2c2a909ec33842586ea4351c04f"
  integrity sha512-u2xdHR2SZJP3VvyAvCaG341FSQlaBrZtzjsNA9XSAk2nbRRHiRa5RmSmxkfKzjaGGTQfEPiwDkdR9pwl+86qjw==
  dependencies:
    char-info "^0.2.0"
    lodash "^4.17.5"

parsimmon@^1.12.0:
  version "1.12.0"
  resolved "https://registry.yarnpkg.com/parsimmon/-/parsimmon-1.12.0.tgz#886a442fb30b5fc3c8e7c4994050f5cdcfe0ea90"
  integrity sha512-uC/BjuSfb4jfaWajKCp1mVncXXq+V1twbcYChbTxN3GM7fn+8XoHwUdvUz+PTaFtDSCRQxU8+Rnh+iMhAkVwdw==

pegjs@^0.10.0:
  version "0.10.0"
  resolved "https://registry.yarnpkg.com/pegjs/-/pegjs-0.10.0.tgz#cf8bafae6eddff4b5a7efb185269eaaf4610ddbd"
  integrity sha1-z4uvrm7d/0tafvsYUmnqr0YQ3b0=

shallowequal@^1.0.2:
  version "1.1.0"
  resolved "https://registry.yarnpkg.com/shallowequal/-/shallowequal-1.1.0.tgz#188d521de95b9087404fd4dcb68b13df0ae4e7f8"
  integrity sha512-y0m1JoUZSlPAjXVtPPW70aZWfIL/dSP7AFkRnniLCrK/8MDKog3TySTBmckD+RObVxH0v4Tox67+F14PdED2oQ==
